
Microsoft Visual Studio Solution File, Format Version 12.00
# Visual Studio Version 17
VisualStudioVersion = 17.5.002.0
MinimumVisualStudioVersion = 10.0.40219.1
Project("{9A19103F-16F7-4668-BE54-9A1E7A4F7556}") = "Tarea Extraclase del Punto fuera del Poligono", "Tarea Extraclase del Punto fuera del Poligono.csproj", "{BF8878E6-BC8A-4FD3-A173-E4B1E5A03EEA}"
EndProject
Global
	GlobalSection(SolutionConfigurationPlatforms) = preSolution
		Debug|Any CPU = Debug|Any CPU
		Release|Any CPU = Release|Any CPU
	EndGlobalSection
	GlobalSection(ProjectConfigurationPlatforms) = postSolution
		{BF8878E6-BC8A-4FD3-A173-E4B1E5A03EEA}.Debug|Any CPU.ActiveCfg = Debug|Any CPU
		{BF8878E6-BC8A-4FD3-A173-E4B1E5A03EEA}.Debug|Any CPU.Build.0 = Debug|Any CPU
		{BF8878E6-BC8A-4FD3-A173-E4B1E5A03EEA}.Release|Any CPU.ActiveCfg = Release|Any CPU
		{BF8878E6-BC8A-4FD3-A173-E4B1E5A03EEA}.Release|Any CPU.Build.0 = Release|Any CPU
	EndGlobalSection
	GlobalSection(SolutionProperties) = preSolution
		HideSolutionNode = FALSE
	EndGlobalSection
	GlobalSection(ExtensibilityGlobals) = postSolution
		SolutionGuid = {DAC49A1A-4A4E-4B2D-87AA-9A1A69528937}
	EndGlobalSection
EndGlobal
